
Microsoft Visual Studio Solution File, Format Version 12.00
# Visual Studio Version 16
VisualStudioVersion = 16.0.30717.126
MinimumVisualStudioVersion = 10.0.40219.1
Project("{FAE04EC0-301F-11D3-BF4B-00C04F79EFBC}") = "QuestionOne", "QuestionOne\QuestionOne.csproj", "{88212BE3-A6C3-44D6-8D14-DA08664BCDFD}"
EndProject
Global
	GlobalSection(SolutionConfigurationPlatforms) = preSolution
		Debug|Any CPU = Debug|Any CPU
		Release|Any CPU = Release|Any CPU
	EndGlobalSection
	GlobalSection(ProjectConfigurationPlatforms) = postSolution
		{88212BE3-A6C3-44D6-8D14-DA08664BCDFD}.Debug|Any CPU.ActiveCfg = Debug|Any CPU
		{88212BE3-A6C3-44D6-8D14-DA08664BCDFD}.Debug|Any CPU.Build.0 = Debug|Any CPU
		{88212BE3-A6C3-44D6-8D14-DA08664BCDFD}.Release|Any CPU.ActiveCfg = Release|Any CPU
		{88212BE3-A6C3-44D6-8D14-DA08664BCDFD}.Release|Any CPU.Build.0 = Release|Any CPU
	EndGlobalSection
	GlobalSection(SolutionProperties) = preSolution
		HideSolutionNode = FALSE
	EndGlobalSection
	GlobalSection(ExtensibilityGlobals) = postSolution
		SolutionGuid = {8A956916-2390-436B-AFD5-395C51C702F9}
	EndGlobalSection
EndGlobal
